
Microsoft Visual Studio Solution File, Format Version 12.00
# Visual Studio 2012
Project("{FAE04EC0-301F-11D3-BF4B-00C04F79EFBC}") = "Task3_LexicographicalOrder", "Task3_LexicographicalOrder\Task3_LexicographicalOrder.csproj", "{A008A7F3-9B29-4EE4-A3F7-15C9DE6B9206}"
EndProject
Global
	GlobalSection(SolutionConfigurationPlatforms) = preSolution
		Debug|Any CPU = Debug|Any CPU
		Release|Any CPU = Release|Any CPU
	EndGlobalSection
	GlobalSection(ProjectConfigurationPlatforms) = postSolution
		{A008A7F3-9B29-4EE4-A3F7-15C9DE6B9206}.Debug|Any CPU.ActiveCfg = Debug|Any CPU
		{A008A7F3-9B29-4EE4-A3F7-15C9DE6B9206}.Debug|Any CPU.Build.0 = Debug|Any CPU
		{A008A7F3-9B29-4EE4-A3F7-15C9DE6B9206}.Release|Any CPU.ActiveCfg = Release|Any CPU
		{A008A7F3-9B29-4EE4-A3F7-15C9DE6B9206}.Release|Any CPU.Build.0 = Release|Any CPU
	EndGlobalSection
	GlobalSection(SolutionProperties) = preSolution
		HideSolutionNode = FALSE
	EndGlobalSection
EndGlobal
