
Microsoft Visual Studio Solution File, Format Version 12.00
# Visual Studio 2012
Project("{FAE04EC0-301F-11D3-BF4B-00C04F79EFBC}") = "Task11_FindSum", "Task11_FindSum\Task11_FindSum.csproj", "{6E94C2D0-DCF6-463C-ABF0-1F8ACE96BF8E}"
EndProject
Global
	GlobalSection(SolutionConfigurationPlatforms) = preSolution
		Debug|Any CPU = Debug|Any CPU
		Release|Any CPU = Release|Any CPU
	EndGlobalSection
	GlobalSection(ProjectConfigurationPlatforms) = postSolution
		{6E94C2D0-DCF6-463C-ABF0-1F8ACE96BF8E}.Debug|Any CPU.ActiveCfg = Debug|Any CPU
		{6E94C2D0-DCF6-463C-ABF0-1F8ACE96BF8E}.Debug|Any CPU.Build.0 = Debug|Any CPU
		{6E94C2D0-DCF6-463C-ABF0-1F8ACE96BF8E}.Release|Any CPU.ActiveCfg = Release|Any CPU
		{6E94C2D0-DCF6-463C-ABF0-1F8ACE96BF8E}.Release|Any CPU.Build.0 = Release|Any CPU
	EndGlobalSection
	GlobalSection(SolutionProperties) = preSolution
		HideSolutionNode = FALSE
	EndGlobalSection
EndGlobal
