
Microsoft Visual Studio Solution File, Format Version 12.00
# Visual Studio 2012
Project("{FAE04EC0-301F-11D3-BF4B-00C04F79EFBC}") = "Task15And16_SwapBits", "Task15_SwapBits\Task15And16_SwapBits.csproj", "{3623C2B7-3868-4D64-8FBE-62BF9DD4E548}"
EndProject
Global
	GlobalSection(SolutionConfigurationPlatforms) = preSolution
		Debug|Any CPU = Debug|Any CPU
		Release|Any CPU = Release|Any CPU
	EndGlobalSection
	GlobalSection(ProjectConfigurationPlatforms) = postSolution
		{3623C2B7-3868-4D64-8FBE-62BF9DD4E548}.Debug|Any CPU.ActiveCfg = Debug|Any CPU
		{3623C2B7-3868-4D64-8FBE-62BF9DD4E548}.Debug|Any CPU.Build.0 = Debug|Any CPU
		{3623C2B7-3868-4D64-8FBE-62BF9DD4E548}.Release|Any CPU.ActiveCfg = Release|Any CPU
		{3623C2B7-3868-4D64-8FBE-62BF9DD4E548}.Release|Any CPU.Build.0 = Release|Any CPU
	EndGlobalSection
	GlobalSection(SolutionProperties) = preSolution
		HideSolutionNode = FALSE
	EndGlobalSection
EndGlobal
