
Microsoft Visual Studio Solution File, Format Version 12.00
# Visual Studio 2012
Project("{FAE04EC0-301F-11D3-BF4B-00C04F79EFBC}") = "Task14_IsPrime", "Task14_IsPrime\Task14_IsPrime.csproj", "{FEF9C848-60C0-4C9D-9B13-617AE4B4D512}"
EndProject
Global
	GlobalSection(SolutionConfigurationPlatforms) = preSolution
		Debug|Any CPU = Debug|Any CPU
		Release|Any CPU = Release|Any CPU
	EndGlobalSection
	GlobalSection(ProjectConfigurationPlatforms) = postSolution
		{FEF9C848-60C0-4C9D-9B13-617AE4B4D512}.Debug|Any CPU.ActiveCfg = Debug|Any CPU
		{FEF9C848-60C0-4C9D-9B13-617AE4B4D512}.Debug|Any CPU.Build.0 = Debug|Any CPU
		{FEF9C848-60C0-4C9D-9B13-617AE4B4D512}.Release|Any CPU.ActiveCfg = Release|Any CPU
		{FEF9C848-60C0-4C9D-9B13-617AE4B4D512}.Release|Any CPU.Build.0 = Release|Any CPU
	EndGlobalSection
	GlobalSection(SolutionProperties) = preSolution
		HideSolutionNode = FALSE
	EndGlobalSection
EndGlobal
