
Microsoft Visual Studio Solution File, Format Version 12.00
# Visual Studio 2012
Project("{FAE04EC0-301F-11D3-BF4B-00C04F79EFBC}") = "Task16_BinarySearch", "Task16_BinarySearch\Task16_BinarySearch.csproj", "{73922D06-91E8-41C6-8C94-4F1B5BE82D5C}"
EndProject
Global
	GlobalSection(SolutionConfigurationPlatforms) = preSolution
		Debug|Any CPU = Debug|Any CPU
		Release|Any CPU = Release|Any CPU
	EndGlobalSection
	GlobalSection(ProjectConfigurationPlatforms) = postSolution
		{73922D06-91E8-41C6-8C94-4F1B5BE82D5C}.Debug|Any CPU.ActiveCfg = Debug|Any CPU
		{73922D06-91E8-41C6-8C94-4F1B5BE82D5C}.Debug|Any CPU.Build.0 = Debug|Any CPU
		{73922D06-91E8-41C6-8C94-4F1B5BE82D5C}.Release|Any CPU.ActiveCfg = Release|Any CPU
		{73922D06-91E8-41C6-8C94-4F1B5BE82D5C}.Release|Any CPU.Build.0 = Release|Any CPU
	EndGlobalSection
	GlobalSection(SolutionProperties) = preSolution
		HideSolutionNode = FALSE
	EndGlobalSection
EndGlobal
