
Microsoft Visual Studio Solution File, Format Version 12.00
# Visual Studio 2012
Project("{FAE04EC0-301F-11D3-BF4B-00C04F79EFBC}") = "Task3_CorrectFloatingPoitnEvaluations", "Task3_CorrectFloatingPoitnEvaluations\Task3_CorrectFloatingPoitnEvaluations.csproj", "{CD63878A-C1EB-49FF-B2D4-0727F502E1AD}"
EndProject
Global
	GlobalSection(SolutionConfigurationPlatforms) = preSolution
		Debug|Any CPU = Debug|Any CPU
		Release|Any CPU = Release|Any CPU
	EndGlobalSection
	GlobalSection(ProjectConfigurationPlatforms) = postSolution
		{CD63878A-C1EB-49FF-B2D4-0727F502E1AD}.Debug|Any CPU.ActiveCfg = Debug|Any CPU
		{CD63878A-C1EB-49FF-B2D4-0727F502E1AD}.Debug|Any CPU.Build.0 = Debug|Any CPU
		{CD63878A-C1EB-49FF-B2D4-0727F502E1AD}.Release|Any CPU.ActiveCfg = Release|Any CPU
		{CD63878A-C1EB-49FF-B2D4-0727F502E1AD}.Release|Any CPU.Build.0 = Release|Any CPU
	EndGlobalSection
	GlobalSection(SolutionProperties) = preSolution
		HideSolutionNode = FALSE
	EndGlobalSection
EndGlobal
