
Microsoft Visual Studio Solution File, Format Version 12.00
# Visual Studio 2012
Project("{FAE04EC0-301F-11D3-BF4B-00C04F79EFBC}") = "Task1_InitializeArray", "Task1_InitializeArray\Task1_InitializeArray.csproj", "{DC346141-00D3-47E5-80C0-2524F665706D}"
EndProject
Global
	GlobalSection(SolutionConfigurationPlatforms) = preSolution
		Debug|Any CPU = Debug|Any CPU
		Release|Any CPU = Release|Any CPU
	EndGlobalSection
	GlobalSection(ProjectConfigurationPlatforms) = postSolution
		{DC346141-00D3-47E5-80C0-2524F665706D}.Debug|Any CPU.ActiveCfg = Debug|Any CPU
		{DC346141-00D3-47E5-80C0-2524F665706D}.Debug|Any CPU.Build.0 = Debug|Any CPU
		{DC346141-00D3-47E5-80C0-2524F665706D}.Release|Any CPU.ActiveCfg = Release|Any CPU
		{DC346141-00D3-47E5-80C0-2524F665706D}.Release|Any CPU.Build.0 = Release|Any CPU
	EndGlobalSection
	GlobalSection(SolutionProperties) = preSolution
		HideSolutionNode = FALSE
	EndGlobalSection
EndGlobal
