
Microsoft Visual Studio Solution File, Format Version 12.00
# Visual Studio 2012
Project("{FAE04EC0-301F-11D3-BF4B-00C04F79EFBC}") = "Task2_CombWithRep", "Task2_CombWithRep\Task2_CombWithRep.csproj", "{FEB67B9A-A76C-4721-BFA8-777D5EF5740F}"
EndProject
Global
	GlobalSection(SolutionConfigurationPlatforms) = preSolution
		Debug|Any CPU = Debug|Any CPU
		Release|Any CPU = Release|Any CPU
	EndGlobalSection
	GlobalSection(ProjectConfigurationPlatforms) = postSolution
		{FEB67B9A-A76C-4721-BFA8-777D5EF5740F}.Debug|Any CPU.ActiveCfg = Debug|Any CPU
		{FEB67B9A-A76C-4721-BFA8-777D5EF5740F}.Debug|Any CPU.Build.0 = Debug|Any CPU
		{FEB67B9A-A76C-4721-BFA8-777D5EF5740F}.Release|Any CPU.ActiveCfg = Release|Any CPU
		{FEB67B9A-A76C-4721-BFA8-777D5EF5740F}.Release|Any CPU.Build.0 = Release|Any CPU
	EndGlobalSection
	GlobalSection(SolutionProperties) = preSolution
		HideSolutionNode = FALSE
	EndGlobalSection
EndGlobal
