
Microsoft Visual Studio Solution File, Format Version 12.00
# Visual Studio 2012
Project("{FAE04EC0-301F-11D3-BF4B-00C04F79EFBC}") = "Task12_PrintMatrices", "Task12_PrintMatrixes\Task12_PrintMatrices.csproj", "{712A2D94-93B5-4A0C-A756-D2A90FE69692}"
EndProject
Global
	GlobalSection(SolutionConfigurationPlatforms) = preSolution
		Debug|Any CPU = Debug|Any CPU
		Release|Any CPU = Release|Any CPU
	EndGlobalSection
	GlobalSection(ProjectConfigurationPlatforms) = postSolution
		{712A2D94-93B5-4A0C-A756-D2A90FE69692}.Debug|Any CPU.ActiveCfg = Debug|Any CPU
		{712A2D94-93B5-4A0C-A756-D2A90FE69692}.Debug|Any CPU.Build.0 = Debug|Any CPU
		{712A2D94-93B5-4A0C-A756-D2A90FE69692}.Release|Any CPU.ActiveCfg = Release|Any CPU
		{712A2D94-93B5-4A0C-A756-D2A90FE69692}.Release|Any CPU.Build.0 = Release|Any CPU
	EndGlobalSection
	GlobalSection(SolutionProperties) = preSolution
		HideSolutionNode = FALSE
	EndGlobalSection
EndGlobal
