
Microsoft Visual Studio Solution File, Format Version 12.00
# Visual Studio 2012
Project("{FAE04EC0-301F-11D3-BF4B-00C04F79EFBC}") = "Task12_LargestArea", "Task12_LargestArea\Task12_LargestArea.csproj", "{3C40C68B-82C7-4A55-BDE6-650BAAA4C8CB}"
EndProject
Global
	GlobalSection(SolutionConfigurationPlatforms) = preSolution
		Debug|Any CPU = Debug|Any CPU
		Release|Any CPU = Release|Any CPU
	EndGlobalSection
	GlobalSection(ProjectConfigurationPlatforms) = postSolution
		{3C40C68B-82C7-4A55-BDE6-650BAAA4C8CB}.Debug|Any CPU.ActiveCfg = Debug|Any CPU
		{3C40C68B-82C7-4A55-BDE6-650BAAA4C8CB}.Debug|Any CPU.Build.0 = Debug|Any CPU
		{3C40C68B-82C7-4A55-BDE6-650BAAA4C8CB}.Release|Any CPU.ActiveCfg = Release|Any CPU
		{3C40C68B-82C7-4A55-BDE6-650BAAA4C8CB}.Release|Any CPU.Build.0 = Release|Any CPU
	EndGlobalSection
	GlobalSection(SolutionProperties) = preSolution
		HideSolutionNode = FALSE
	EndGlobalSection
EndGlobal
