
Microsoft Visual Studio Solution File, Format Version 12.00
# Visual Studio 2012
Project("{FAE04EC0-301F-11D3-BF4B-00C04F79EFBC}") = "Task5_TrapezoidArea", "Task5_TrapezoidArea\Task5_TrapezoidArea.csproj", "{4B9012A1-7222-4CDA-8A86-AF67B7A05088}"
EndProject
Global
	GlobalSection(SolutionConfigurationPlatforms) = preSolution
		Debug|Any CPU = Debug|Any CPU
		Release|Any CPU = Release|Any CPU
	EndGlobalSection
	GlobalSection(ProjectConfigurationPlatforms) = postSolution
		{4B9012A1-7222-4CDA-8A86-AF67B7A05088}.Debug|Any CPU.ActiveCfg = Debug|Any CPU
		{4B9012A1-7222-4CDA-8A86-AF67B7A05088}.Debug|Any CPU.Build.0 = Debug|Any CPU
		{4B9012A1-7222-4CDA-8A86-AF67B7A05088}.Release|Any CPU.ActiveCfg = Release|Any CPU
		{4B9012A1-7222-4CDA-8A86-AF67B7A05088}.Release|Any CPU.Build.0 = Release|Any CPU
	EndGlobalSection
	GlobalSection(SolutionProperties) = preSolution
		HideSolutionNode = FALSE
	EndGlobalSection
EndGlobal
