
Microsoft Visual Studio Solution File, Format Version 12.00
# Visual Studio 2012
Project("{FAE04EC0-301F-11D3-BF4B-00C04F79EFBC}") = "Task7_MoonGravity", "Task7_MoonGravity\Task7_MoonGravity.csproj", "{C7F984A6-AF04-4C94-8856-9A3C48FF776A}"
EndProject
Global
	GlobalSection(SolutionConfigurationPlatforms) = preSolution
		Debug|Any CPU = Debug|Any CPU
		Release|Any CPU = Release|Any CPU
	EndGlobalSection
	GlobalSection(ProjectConfigurationPlatforms) = postSolution
		{C7F984A6-AF04-4C94-8856-9A3C48FF776A}.Debug|Any CPU.ActiveCfg = Debug|Any CPU
		{C7F984A6-AF04-4C94-8856-9A3C48FF776A}.Debug|Any CPU.Build.0 = Debug|Any CPU
		{C7F984A6-AF04-4C94-8856-9A3C48FF776A}.Release|Any CPU.ActiveCfg = Release|Any CPU
		{C7F984A6-AF04-4C94-8856-9A3C48FF776A}.Release|Any CPU.Build.0 = Release|Any CPU
	EndGlobalSection
	GlobalSection(SolutionProperties) = preSolution
		HideSolutionNode = FALSE
	EndGlobalSection
EndGlobal
