
Microsoft Visual Studio Solution File, Format Version 12.00
# Visual Studio 2012
Project("{FAE04EC0-301F-11D3-BF4B-00C04F79EFBC}") = "Task8_ChooseDataType", "Task8_ChooseDataType\Task8_ChooseDataType.csproj", "{7655AB94-5404-44E6-8D71-58E8546DE857}"
EndProject
Global
	GlobalSection(SolutionConfigurationPlatforms) = preSolution
		Debug|Any CPU = Debug|Any CPU
		Release|Any CPU = Release|Any CPU
	EndGlobalSection
	GlobalSection(ProjectConfigurationPlatforms) = postSolution
		{7655AB94-5404-44E6-8D71-58E8546DE857}.Debug|Any CPU.ActiveCfg = Debug|Any CPU
		{7655AB94-5404-44E6-8D71-58E8546DE857}.Debug|Any CPU.Build.0 = Debug|Any CPU
		{7655AB94-5404-44E6-8D71-58E8546DE857}.Release|Any CPU.ActiveCfg = Release|Any CPU
		{7655AB94-5404-44E6-8D71-58E8546DE857}.Release|Any CPU.Build.0 = Release|Any CPU
	EndGlobalSection
	GlobalSection(SolutionProperties) = preSolution
		HideSolutionNode = FALSE
	EndGlobalSection
EndGlobal
