
Microsoft Visual Studio Solution File, Format Version 12.00
# Visual Studio 2012
Project("{FAE04EC0-301F-11D3-BF4B-00C04F79EFBC}") = "Task14_StrigSequence", "Task14_StrigSequence\Task14_StrigSequence.csproj", "{05E3DD82-0616-4741-9CED-0CB7FAB730B6}"
EndProject
Global
	GlobalSection(SolutionConfigurationPlatforms) = preSolution
		Debug|Any CPU = Debug|Any CPU
		Release|Any CPU = Release|Any CPU
	EndGlobalSection
	GlobalSection(ProjectConfigurationPlatforms) = postSolution
		{05E3DD82-0616-4741-9CED-0CB7FAB730B6}.Debug|Any CPU.ActiveCfg = Debug|Any CPU
		{05E3DD82-0616-4741-9CED-0CB7FAB730B6}.Debug|Any CPU.Build.0 = Debug|Any CPU
		{05E3DD82-0616-4741-9CED-0CB7FAB730B6}.Release|Any CPU.ActiveCfg = Release|Any CPU
		{05E3DD82-0616-4741-9CED-0CB7FAB730B6}.Release|Any CPU.Build.0 = Release|Any CPU
	EndGlobalSection
	GlobalSection(SolutionProperties) = preSolution
		HideSolutionNode = FALSE
	EndGlobalSection
EndGlobal
