
Microsoft Visual Studio Solution File, Format Version 12.00
# Visual Studio 2012
Project("{FAE04EC0-301F-11D3-BF4B-00C04F79EFBC}") = "Task20_PossibleSum", "Task20_PossibleSum\Task20_PossibleSum.csproj", "{C3181EBC-94D9-4A3B-A4F6-82F6D732D090}"
EndProject
Global
	GlobalSection(SolutionConfigurationPlatforms) = preSolution
		Debug|Any CPU = Debug|Any CPU
		Release|Any CPU = Release|Any CPU
	EndGlobalSection
	GlobalSection(ProjectConfigurationPlatforms) = postSolution
		{C3181EBC-94D9-4A3B-A4F6-82F6D732D090}.Debug|Any CPU.ActiveCfg = Debug|Any CPU
		{C3181EBC-94D9-4A3B-A4F6-82F6D732D090}.Debug|Any CPU.Build.0 = Debug|Any CPU
		{C3181EBC-94D9-4A3B-A4F6-82F6D732D090}.Release|Any CPU.ActiveCfg = Release|Any CPU
		{C3181EBC-94D9-4A3B-A4F6-82F6D732D090}.Release|Any CPU.Build.0 = Release|Any CPU
	EndGlobalSection
	GlobalSection(SolutionProperties) = preSolution
		HideSolutionNode = FALSE
	EndGlobalSection
EndGlobal
