
Microsoft Visual Studio Solution File, Format Version 12.00
# Visual Studio 2012
Project("{FAE04EC0-301F-11D3-BF4B-00C04F79EFBC}") = "Task8_MaxOfFiveNumbers", "Task8_MaxOfFiveNumbers\Task8_MaxOfFiveNumbers.csproj", "{A7CE2090-436C-44EB-827E-3396F7204999}"
EndProject
Global
	GlobalSection(SolutionConfigurationPlatforms) = preSolution
		Debug|Any CPU = Debug|Any CPU
		Release|Any CPU = Release|Any CPU
	EndGlobalSection
	GlobalSection(ProjectConfigurationPlatforms) = postSolution
		{A7CE2090-436C-44EB-827E-3396F7204999}.Debug|Any CPU.ActiveCfg = Debug|Any CPU
		{A7CE2090-436C-44EB-827E-3396F7204999}.Debug|Any CPU.Build.0 = Debug|Any CPU
		{A7CE2090-436C-44EB-827E-3396F7204999}.Release|Any CPU.ActiveCfg = Release|Any CPU
		{A7CE2090-436C-44EB-827E-3396F7204999}.Release|Any CPU.Build.0 = Release|Any CPU
	EndGlobalSection
	GlobalSection(SolutionProperties) = preSolution
		HideSolutionNode = FALSE
	EndGlobalSection
EndGlobal
