
Microsoft Visual Studio Solution File, Format Version 12.00
# Visual Studio 2012
Project("{FAE04EC0-301F-11D3-BF4B-00C04F79EFBC}") = "Task13_SwapVariables", "Task13_SwapVariables\Task13_SwapVariables.csproj", "{72F3271C-0570-4012-9EC0-E11524960B6A}"
EndProject
Global
	GlobalSection(SolutionConfigurationPlatforms) = preSolution
		Debug|Any CPU = Debug|Any CPU
		Release|Any CPU = Release|Any CPU
	EndGlobalSection
	GlobalSection(ProjectConfigurationPlatforms) = postSolution
		{72F3271C-0570-4012-9EC0-E11524960B6A}.Debug|Any CPU.ActiveCfg = Debug|Any CPU
		{72F3271C-0570-4012-9EC0-E11524960B6A}.Debug|Any CPU.Build.0 = Debug|Any CPU
		{72F3271C-0570-4012-9EC0-E11524960B6A}.Release|Any CPU.ActiveCfg = Release|Any CPU
		{72F3271C-0570-4012-9EC0-E11524960B6A}.Release|Any CPU.Build.0 = Release|Any CPU
	EndGlobalSection
	GlobalSection(SolutionProperties) = preSolution
		HideSolutionNode = FALSE
	EndGlobalSection
EndGlobal
