
Microsoft Visual Studio Solution File, Format Version 12.00
# Visual Studio 2012
Project("{FAE04EC0-301F-11D3-BF4B-00C04F79EFBC}") = "Task11_ChechDoesExist", "Task11_ChechDoesExist\Task11_ChechDoesExist.csproj", "{EBF019D2-1C41-46B8-B8BD-9FA514C26A10}"
EndProject
Global
	GlobalSection(SolutionConfigurationPlatforms) = preSolution
		Debug|Any CPU = Debug|Any CPU
		Release|Any CPU = Release|Any CPU
	EndGlobalSection
	GlobalSection(ProjectConfigurationPlatforms) = postSolution
		{EBF019D2-1C41-46B8-B8BD-9FA514C26A10}.Debug|Any CPU.ActiveCfg = Debug|Any CPU
		{EBF019D2-1C41-46B8-B8BD-9FA514C26A10}.Debug|Any CPU.Build.0 = Debug|Any CPU
		{EBF019D2-1C41-46B8-B8BD-9FA514C26A10}.Release|Any CPU.ActiveCfg = Release|Any CPU
		{EBF019D2-1C41-46B8-B8BD-9FA514C26A10}.Release|Any CPU.Build.0 = Release|Any CPU
	EndGlobalSection
	GlobalSection(SolutionProperties) = preSolution
		HideSolutionNode = FALSE
	EndGlobalSection
EndGlobal
