
Microsoft Visual Studio Solution File, Format Version 12.00
# Visual Studio 2012
Project("{FAE04EC0-301F-11D3-BF4B-00C04F79EFBC}") = "Task6_PrintLarger", "Task6_PrintLarger\Task6_PrintLarger.csproj", "{AFBC9151-32E2-461E-8AAC-353493A52AFE}"
EndProject
Global
	GlobalSection(SolutionConfigurationPlatforms) = preSolution
		Debug|Any CPU = Debug|Any CPU
		Release|Any CPU = Release|Any CPU
	EndGlobalSection
	GlobalSection(ProjectConfigurationPlatforms) = postSolution
		{AFBC9151-32E2-461E-8AAC-353493A52AFE}.Debug|Any CPU.ActiveCfg = Debug|Any CPU
		{AFBC9151-32E2-461E-8AAC-353493A52AFE}.Debug|Any CPU.Build.0 = Debug|Any CPU
		{AFBC9151-32E2-461E-8AAC-353493A52AFE}.Release|Any CPU.ActiveCfg = Release|Any CPU
		{AFBC9151-32E2-461E-8AAC-353493A52AFE}.Release|Any CPU.Build.0 = Release|Any CPU
	EndGlobalSection
	GlobalSection(SolutionProperties) = preSolution
		HideSolutionNode = FALSE
	EndGlobalSection
EndGlobal
